
Microsoft Visual Studio Solution File, Format Version 12.00
# Visual Studio Version 17
VisualStudioVersion = 17.11.35327.3
MinimumVisualStudioVersion = 10.0.40219.1
Project("{FAE04EC0-301F-11D3-BF4B-00C04F79EFBC}") = "P3_1_714230066", "P3_1_714230066.csproj", "{2AE09B53-0818-428E-BC77-79D9B9AB99E2}"
EndProject
Global
	GlobalSection(SolutionConfigurationPlatforms) = preSolution
		Debug|Any CPU = Debug|Any CPU
		Release|Any CPU = Release|Any CPU
	EndGlobalSection
	GlobalSection(ProjectConfigurationPlatforms) = postSolution
		{2AE09B53-0818-428E-BC77-79D9B9AB99E2}.Debug|Any CPU.ActiveCfg = Debug|Any CPU
		{2AE09B53-0818-428E-BC77-79D9B9AB99E2}.Debug|Any CPU.Build.0 = Debug|Any CPU
		{2AE09B53-0818-428E-BC77-79D9B9AB99E2}.Release|Any CPU.ActiveCfg = Release|Any CPU
		{2AE09B53-0818-428E-BC77-79D9B9AB99E2}.Release|Any CPU.Build.0 = Release|Any CPU
	EndGlobalSection
	GlobalSection(SolutionProperties) = preSolution
		HideSolutionNode = FALSE
	EndGlobalSection
	GlobalSection(ExtensibilityGlobals) = postSolution
		SolutionGuid = {F5637A38-C44F-4C46-BDDC-2FD0BD31C666}
	EndGlobalSection
EndGlobal
